
Microsoft Visual Studio Solution File, Format Version 11.00
# Visual Studio 2010
Project("{FAE04EC0-301F-11D3-BF4B-00C04F79EFBC}") = "CrazyMat", "Assembly-CSharp.csproj", "{0A0A8F4A-70BC-C960-8F20-A4D410219EAA}"
EndProject
Global
	GlobalSection(SolutionConfigurationPlatforms) = preSolution
		Debug|Any CPU = Debug|Any CPU
		Release|Any CPU = Release|Any CPU
	EndGlobalSection
	GlobalSection(ProjectConfigurationPlatforms) = postSolution
		{0A0A8F4A-70BC-C960-8F20-A4D410219EAA}.Debug|Any CPU.ActiveCfg = Debug|Any CPU
		{0A0A8F4A-70BC-C960-8F20-A4D410219EAA}.Debug|Any CPU.Build.0 = Debug|Any CPU
		{0A0A8F4A-70BC-C960-8F20-A4D410219EAA}.Release|Any CPU.ActiveCfg = Release|Any CPU
		{0A0A8F4A-70BC-C960-8F20-A4D410219EAA}.Release|Any CPU.Build.0 = Release|Any CPU
	EndGlobalSection
	GlobalSection(SolutionProperties) = preSolution
		HideSolutionNode = FALSE
	EndGlobalSection
	GlobalSection(MonoDevelopProperties) = preSolution
		StartupItem = Assembly-CSharp.csproj
	EndGlobalSection
EndGlobal
